<?xml version="1.0" encoding="utf-8"?>
<Project ToolsVersion="4.0" xmlns="http://schemas.microsoft.com/developer/msbuild/2003">
  <ItemGroup>
    <Filter Include="Source Files">
      <UniqueIdentifier>{4FC737F1-C7A5-4376-A066-2A32D752A2FF}</UniqueIdentifier>
      <Extensions>cpp;c;cc;cxx;def;odl;idl;hpj;bat;asm;asmx</Extensions>
    </Filter>
    <Filter Include="Header Files">
      <UniqueIdentifier>{93995380-89BD-4b04-88EB-625FBE52EBFB}</UniqueIdentifier>
      <Extensions>h;hh;hpp;hxx;hm;inl;inc;xsd</Extensions>
    </Filter>
    <Filter Include="Resource Files">
      <UniqueIdentifier>{67DA6AB6-F800-4c08-8B7A-83BB121AAD01}</UniqueIdentifier>
      <Extensions>rc;ico;cur;bmp;dlg;rc2;rct;bin;rgs;gif;jpg;jpeg;jpe;resx;tiff;tif;png;wav;mfcribbon-ms</Extensions>
    </Filter>
    <Filter Include="Source Files\Options">
      <UniqueIdentifier>{88c24d60-e6a4-44fc-a5c0-1b176b8d1fe6}</UniqueIdentifier>
    </Filter>
    <Filter Include="Source Files\Utilities">
      <UniqueIdentifier>{19bb4d74-f942-4b2b-96a7-79f8964bbfab}</UniqueIdentifier>
    </Filter>
    <Filter Include="Source Files\Printing">
      <UniqueIdentifier>{5146e4ac-7062-4869-8e00-c15489c93826}</UniqueIdentifier>
    </Filter>
    <Filter Include="Header Files\Utilities">
      <UniqueIdentifier>{aa9a35f7-76da-4bb6-a727-2ea062dca90f}</UniqueIdentifier>
    </Filter>
    <Filter Include="Source Files\Unicode">
      <UniqueIdentifier>{069b48e7-3dff-4df9-aa23-5de39cd812d2}</UniqueIdentifier>
    </Filter>
    <Filter Include="Source Files\UspLib">
      <UniqueIdentifier>{b0517c71-5337-491b-8839-75dd3b9be983}</UniqueIdentifier>
    </Filter>
    <Filter Include="Header Files\UspLib">
      <UniqueIdentifier>{28b44f63-6060-4efd-9c32-06148638ff45}</UniqueIdentifier>
    </Filter>
  </ItemGroup>
  <ItemGroup>
    <ClCompile Include="CPP\CmdAndConquer_MainWindow.cpp">
      <Filter>Source Files</Filter>
    </ClCompile>
    <ClCompile Include="CPP\main.cpp">
      <Filter>Source Files</Filter>
    </ClCompile>
    <ClCompile Include="..\TextView\CPP\TextView.cpp">
      <Filter>Source Files</Filter>
    </ClCompile>
    <ClCompile Include="..\TextView\CPP\TextDocument.cpp">
      <Filter>Source Files</Filter>
    </ClCompile>
    <ClCompile Include="..\TextView\CPP\TextViewFile.cpp">
      <Filter>Source Files</Filter>
    </ClCompile>
    <ClCompile Include="..\TextView\CPP\TextViewPaint.cpp">
      <Filter>Source Files</Filter>
    </ClCompile>
    <ClCompile Include="..\TextView\CPP\TextViewScroll.cpp">
      <Filter>Source Files</Filter>
    </ClCompile>
    <ClCompile Include="..\TextView\CPP\TextViewFont.cpp">
      <Filter>Source Files</Filter>
    </ClCompile>
    <ClCompile Include="..\TextView\CPP\TextViewMouse.cpp">
      <Filter>Source Files</Filter>
    </ClCompile>
    <ClCompile Include="..\Options\CPP\Options.c">
      <Filter>Source Files\Options</Filter>
    </ClCompile>
    <ClCompile Include="..\Options\CPP\OptionsFont.c">
      <Filter>Source Files\Options</Filter>
    </ClCompile>
    <ClCompile Include="..\Printing\Printing.cpp">
      <Filter>Source Files\Printing</Filter>
    </ClCompile>
    <ClCompile Include="..\Utilities\Utilities.cpp">
      <Filter>Source Files\Utilities</Filter>
    </ClCompile>
    <ClCompile Include="..\UspLib\UspCtrl.c">
      <Filter>Source Files\UspLib</Filter>
    </ClCompile>
    <ClCompile Include="..\UspLib\UspLib.c">
      <Filter>Source Files\UspLib</Filter>
    </ClCompile>
    <ClCompile Include="..\UspLib\UspMouse.c">
      <Filter>Source Files\UspLib</Filter>
    </ClCompile>
    <ClCompile Include="..\UspLib\UspPaint.c">
      <Filter>Source Files\UspLib</Filter>
    </ClCompile>
    <ClCompile Include="..\Unicode\Uniscribe.cpp">
      <Filter>Source Files\Unicode</Filter>
    </ClCompile>
    <ClCompile Include="..\TextView\CPP\TextViewClipboard.cpp">
      <Filter>Source Files</Filter>
    </ClCompile>
    <ClCompile Include="..\TextView\CPP\TextViewKeyNav.cpp">
      <Filter>Source Files</Filter>
    </ClCompile>
    <ClCompile Include="..\TextView\CPP\TextViewParser.cpp">
      <Filter>Source Files</Filter>
    </ClCompile>
    <ClCompile Include="..\Utilities\OpenSave.c">
      <Filter>Source Files</Filter>
    </ClCompile>
    <ClCompile Include="..\Utilities\Search.c">
      <Filter>Source Files</Filter>
    </ClCompile>
    <ClCompile Include="..\Utilities\Toolbars.c">
      <Filter>Source Files</Filter>
    </ClCompile>
    <ClCompile Include="..\UspLib\UspMain.c">
      <Filter>Source Files\UspLib</Filter>
    </ClCompile>
    <ClCompile Include="..\Unicode\Unicode.c">
      <Filter>Source Files\Unicode</Filter>
    </ClCompile>
    <ClCompile Include="..\Sequence\sequence.cpp">
      <Filter>Source Files</Filter>
    </ClCompile>
    <ClCompile Include="..\TextView\CPP\TextViewKeyInput.cpp">
      <Filter>Source Files</Filter>
    </ClCompile>
  </ItemGroup>
  <ItemGroup>
    <ResourceCompile Include="resource\CmdAndConquer.rc">
      <Filter>Resource Files</Filter>
    </ResourceCompile>
  </ItemGroup>
  <ItemGroup>
    <ClInclude Include="resource\resource.h">
      <Filter>Header Files</Filter>
    </ClInclude>
    <ClInclude Include="Header\CmdAndConquer_MainWindow.h">
      <Filter>Header Files</Filter>
    </ClInclude>
    <ClInclude Include="..\TextView\Header\TextView.h">
      <Filter>Header Files</Filter>
    </ClInclude>
    <ClInclude Include="..\TextView\Header\TextViewInternal.h">
      <Filter>Header Files</Filter>
    </ClInclude>
    <ClInclude Include="..\TextView\Header\TextDocument.h">
      <Filter>Header Files</Filter>
    </ClInclude>
    <ClInclude Include="Header\CmdAndConquer_Globals.h">
      <Filter>Header Files</Filter>
    </ClInclude>
    <ClInclude Include="..\Utilities\racursor.h">
      <Filter>Header Files\Utilities</Filter>
    </ClInclude>
    <ClInclude Include="..\UspLib\usplibp.h">
      <Filter>Header Files\UspLib</Filter>
    </ClInclude>
    <ClInclude Include="..\UspLib\usplib.h">
      <Filter>Header Files\UspLib</Filter>
    </ClInclude>
    <ClInclude Include="..\Unicode\Unicode.h">
      <Filter>Header Files</Filter>
    </ClInclude>
    <ClInclude Include="..\Sequence\sequence.h">
      <Filter>Header Files</Filter>
    </ClInclude>
  </ItemGroup>
  <ItemGroup>
    <Image Include="resource\toolbar1.bmp">
      <Filter>Resource Files</Filter>
    </Image>
    <Image Include="resource\toolbar2.bmp">
      <Filter>Resource Files</Filter>
    </Image>
    <Image Include="resource\bitmap3.bmp">
      <Filter>Resource Files</Filter>
    </Image>
    <Image Include="resource\bitmap4.bmp">
      <Filter>Resource Files</Filter>
    </Image>
    <Image Include="resource\toolbar3.bmp">
      <Filter>Resource Files</Filter>
    </Image>
    <Image Include="resource\icon1.ico">
      <Filter>Resource Files</Filter>
    </Image>
    <Image Include="resource\icon2.ico">
      <Filter>Resource Files</Filter>
    </Image>
    <Image Include="resource\bitmap1.bmp">
      <Filter>Resource Files</Filter>
    </Image>
  </ItemGroup>
</Project>